
Microsoft Visual Studio Solution File, Format Version 12.00
# Visual Studio Version 16
VisualStudioVersion = 16.0.30204.135
MinimumVisualStudioVersion = 10.0.40219.1
Project("{9A19103F-16F7-4668-BE54-9A1E7A4F7556}") = "MCSlimeClusterFinder", "MCSlimeClusterFinder.csproj", "{54430785-2260-4F12-A6A0-AC17EA6EE37A}"
EndProject
Project("{9A19103F-16F7-4668-BE54-9A1E7A4F7556}") = "Tests", "..\Tests\Tests.csproj", "{B459113C-2314-4C45-B675-589ED8F89864}"
EndProject
Global
	GlobalSection(SolutionConfigurationPlatforms) = preSolution
		Debug|Any CPU = Debug|Any CPU
		Release|Any CPU = Release|Any CPU
	EndGlobalSection
	GlobalSection(ProjectConfigurationPlatforms) = postSolution
		{54430785-2260-4F12-A6A0-AC17EA6EE37A}.Debug|Any CPU.ActiveCfg = Debug|Any CPU
		{54430785-2260-4F12-A6A0-AC17EA6EE37A}.Debug|Any CPU.Build.0 = Debug|Any CPU
		{54430785-2260-4F12-A6A0-AC17EA6EE37A}.Release|Any CPU.ActiveCfg = Release|Any CPU
		{54430785-2260-4F12-A6A0-AC17EA6EE37A}.Release|Any CPU.Build.0 = Release|Any CPU
		{B459113C-2314-4C45-B675-589ED8F89864}.Debug|Any CPU.ActiveCfg = Debug|Any CPU
		{B459113C-2314-4C45-B675-589ED8F89864}.Debug|Any CPU.Build.0 = Debug|Any CPU
		{B459113C-2314-4C45-B675-589ED8F89864}.Release|Any CPU.ActiveCfg = Release|Any CPU
		{B459113C-2314-4C45-B675-589ED8F89864}.Release|Any CPU.Build.0 = Release|Any CPU
	EndGlobalSection
	GlobalSection(SolutionProperties) = preSolution
		HideSolutionNode = FALSE
	EndGlobalSection
	GlobalSection(ExtensibilityGlobals) = postSolution
		SolutionGuid = {D83E79D9-6400-41AE-AACC-F5800D6AA688}
	EndGlobalSection
EndGlobal
