
Microsoft Visual Studio Solution File, Format Version 12.00
# Visual Studio Version 16
VisualStudioVersion = 16.0.30204.135
MinimumVisualStudioVersion = 10.0.40219.1
Project("{9A19103F-16F7-4668-BE54-9A1E7A4F7556}") = "MCSlimeClusterFinder", "MCSlimeClusterFinder\MCSlimeClusterFinder.csproj", "{BBF568D3-556E-48E3-AC92-81DB84DBD233}"
EndProject
Project("{9A19103F-16F7-4668-BE54-9A1E7A4F7556}") = "Tests", "Tests\Tests.csproj", "{5687EC9A-B4A3-4D35-B7F3-019C29E0D6C3}"
EndProject
Global
	GlobalSection(SolutionConfigurationPlatforms) = preSolution
		Debug|Any CPU = Debug|Any CPU
		Release|Any CPU = Release|Any CPU
	EndGlobalSection
	GlobalSection(ProjectConfigurationPlatforms) = postSolution
		{BBF568D3-556E-48E3-AC92-81DB84DBD233}.Debug|Any CPU.ActiveCfg = Debug|Any CPU
		{BBF568D3-556E-48E3-AC92-81DB84DBD233}.Debug|Any CPU.Build.0 = Debug|Any CPU
		{BBF568D3-556E-48E3-AC92-81DB84DBD233}.Release|Any CPU.ActiveCfg = Release|Any CPU
		{BBF568D3-556E-48E3-AC92-81DB84DBD233}.Release|Any CPU.Build.0 = Release|Any CPU
		{5687EC9A-B4A3-4D35-B7F3-019C29E0D6C3}.Debug|Any CPU.ActiveCfg = Debug|Any CPU
		{5687EC9A-B4A3-4D35-B7F3-019C29E0D6C3}.Debug|Any CPU.Build.0 = Debug|Any CPU
		{5687EC9A-B4A3-4D35-B7F3-019C29E0D6C3}.Release|Any CPU.ActiveCfg = Release|Any CPU
		{5687EC9A-B4A3-4D35-B7F3-019C29E0D6C3}.Release|Any CPU.Build.0 = Release|Any CPU
	EndGlobalSection
	GlobalSection(SolutionProperties) = preSolution
		HideSolutionNode = FALSE
	EndGlobalSection
	GlobalSection(ExtensibilityGlobals) = postSolution
		SolutionGuid = {D83E79D9-6400-41AE-AACC-F5800D6AA688}
	EndGlobalSection
EndGlobal
